
Microsoft Visual Studio Solution File, Format Version 11.00
# Visual Studio 2010
Project("{FAE04EC0-301F-11D3-BF4B-00C04F79EFBC}") = "MCDA", "MCDA\MCDA.csproj", "{6B4C0EC2-4865-4C29-8BBC-8A73FF9DCBA9}"
EndProject
Global
	GlobalSection(TeamFoundationVersionControl) = preSolution
		SccNumberOfProjects = 2
		SccEnterpriseProvider = {4CA58AB2-18FA-4F8D-95D4-32DDF27D184C}
		SccTeamFoundationServer = https://tfs.codeplex.com/tfs/tfs36
		SccLocalPath0 = .
		SccProjectUniqueName1 = MCDA\\MCDA.csproj
		SccProjectName1 = MCDA
		SccLocalPath1 = MCDA
	EndGlobalSection
	GlobalSection(SolutionConfigurationPlatforms) = preSolution
		Debug|Any CPU = Debug|Any CPU
		Debug|Mixed Platforms = Debug|Mixed Platforms
		Debug|x86 = Debug|x86
		Release|Any CPU = Release|Any CPU
		Release|Mixed Platforms = Release|Mixed Platforms
		Release|x86 = Release|x86
	EndGlobalSection
	GlobalSection(ProjectConfigurationPlatforms) = postSolution
		{6B4C0EC2-4865-4C29-8BBC-8A73FF9DCBA9}.Debug|Any CPU.ActiveCfg = Debug|Any CPU
		{6B4C0EC2-4865-4C29-8BBC-8A73FF9DCBA9}.Debug|Any CPU.Build.0 = Debug|Any CPU
		{6B4C0EC2-4865-4C29-8BBC-8A73FF9DCBA9}.Debug|Mixed Platforms.ActiveCfg = Debug|Any CPU
		{6B4C0EC2-4865-4C29-8BBC-8A73FF9DCBA9}.Debug|Mixed Platforms.Build.0 = Debug|Any CPU
		{6B4C0EC2-4865-4C29-8BBC-8A73FF9DCBA9}.Debug|x86.ActiveCfg = Debug|Any CPU
		{6B4C0EC2-4865-4C29-8BBC-8A73FF9DCBA9}.Release|Any CPU.ActiveCfg = Release|Any CPU
		{6B4C0EC2-4865-4C29-8BBC-8A73FF9DCBA9}.Release|Any CPU.Build.0 = Release|Any CPU
		{6B4C0EC2-4865-4C29-8BBC-8A73FF9DCBA9}.Release|Mixed Platforms.ActiveCfg = Release|Any CPU
		{6B4C0EC2-4865-4C29-8BBC-8A73FF9DCBA9}.Release|Mixed Platforms.Build.0 = Release|Any CPU
		{6B4C0EC2-4865-4C29-8BBC-8A73FF9DCBA9}.Release|x86.ActiveCfg = Release|Any CPU
	EndGlobalSection
	GlobalSection(SolutionProperties) = preSolution
		HideSolutionNode = FALSE
	EndGlobalSection
	GlobalSection(SubversionScc) = preSolution
		Svn-Managed = True
		Manager = AnkhSVN - Subversion Support for Visual Studio
	EndGlobalSection
EndGlobal
